<?xml version="1.0" encoding="UTF-8" standalone="yes" ?>
<CodeBlocks_project_file>
	<FileVersion major="1" minor="6" />
	<Project>
		<Option title="swat2012" />
		<Option pch_mode="2" />
		<Option compiler="g95" />
		<Build>
			<Target title="Debug">
				<Option output="bin/Debug/swat2012" prefix_auto="1" extension_auto="1" />
				<Option object_output="obj/Debug/" />
				<Option type="1" />
				<Option compiler="g95" />
			</Target>
			<Target title="Release">
				<Option output="bin/Release/swat2012" prefix_auto="1" extension_auto="1" />
				<Option object_output="obj/Release/" />
				<Option type="1" />
				<Option compiler="g95" />
			</Target>
		</Build>
		<Unit filename="NCsed_leach.f90" />
		<Unit filename="addh.f" />
		<Unit filename="albedo.f" />
		<Unit filename="allocate_parms.f" />
		<Unit filename="alph.f" />
		<Unit filename="anfert.f" />
		<Unit filename="apex_day.f" />
		<Unit filename="apply.f" />
		<Unit filename="ascrv.f" />
		<Unit filename="atri.f" />
		<Unit filename="aunif.f" />
		<Unit filename="autoirr.f" />
		<Unit filename="aveval.f" />
		<Unit filename="bacteria.f" />
		<Unit filename="biofilm.f" />
		<Unit filename="biozone.f" />
		<Unit filename="bmp_det_pond.f" />
		<Unit filename="bmp_ri_pond.f" />
		<Unit filename="bmp_sand_filter.f" />
		<Unit filename="bmp_sed_pond.f" />
		<Unit filename="bmp_wet_pond.f" />
		<Unit filename="bmpfixed.f" />
		<Unit filename="bmpinit.f" />
		<Unit filename="buffer.f" />
		<Unit filename="burnop.f" />
		<Unit filename="canopyint.f" />
		<Unit filename="caps.f" />
		<Unit filename="carbon_new.f" />
		<Unit filename="carbon_zhang2.f90" />
		<Unit filename="cfactor.f" />
		<Unit filename="chkcst.f" />
		<Unit filename="clgen.f" />
		<Unit filename="clicon.f" />
		<Unit filename="command.f" />
		<Unit filename="conapply.f" />
		<Unit filename="confert.f" />
		<Unit filename="crackflow.f" />
		<Unit filename="crackvol.f" />
		<Unit filename="curno.f" />
		<Unit filename="dailycn.f" />
		<Unit filename="decay.f" />
		<Unit filename="depstor.f" />
		<Unit filename="distrib_bmps.f" />
		<Unit filename="dormant.f" />
		<Unit filename="drains.f" />
		<Unit filename="dstn1.f" />
		<Unit filename="ee.f" />
		<Unit filename="eiusle.f" />
		<Unit filename="enrsb.f" />
		<Unit filename="erfc.f" />
		<Unit filename="estimate_ksat.f" />
		<Unit filename="etact.f" />
		<Unit filename="etpot.f" />
		<Unit filename="expo.f" />
		<Unit filename="fert.f" />
		<Unit filename="filter.f" />
		<Unit filename="filtw.f" />
		<Unit filename="finalbal.f" />
		<Unit filename="gcycl.f" />
		<Unit filename="getallo.f" />
		<Unit filename="grass_wway.f" />
		<Unit filename="graze.f" />
		<Unit filename="grow.f" />
		<Unit filename="gw_no3.f" />
		<Unit filename="gwmod.f" />
		<Unit filename="gwmod_deep.f" />
		<Unit filename="gwnutr.f" />
		<Unit filename="h2omgt_init.f" />
		<Unit filename="harvestop.f" />
		<Unit filename="harvgrainop.f" />
		<Unit filename="harvkillop.f" />
		<Unit filename="header.f" />
		<Unit filename="headout.f" />
		<Unit filename="hhnoqual.f" />
		<Unit filename="hhwatqual.f" />
		<Unit filename="hmeas.f" />
		<Unit filename="hruaa.f" />
		<Unit filename="hruallo.f" />
		<Unit filename="hruday.f90" />
		<Unit filename="hrumon.f" />
		<Unit filename="hrupond.f" />
		<Unit filename="hrupondhr.f" />
		<Unit filename="hruyr.f" />
		<Unit filename="hydroinit.f" />
		<Unit filename="icl.f" />
		<Unit filename="impnd_init.f" />
		<Unit filename="impndaa.f" />
		<Unit filename="impndday.f" />
		<Unit filename="impndmon.f" />
		<Unit filename="impndyr.f" />
		<Unit filename="irr_rch.f" />
		<Unit filename="irr_res.f" />
		<Unit filename="irrigate.f" />
		<Unit filename="irrsub.f" />
		<Unit filename="jdt.f" />
		<Unit filename="killop.f" />
		<Unit filename="lakeq.f" />
		<Unit filename="latsed.f" />
		<Unit filename="layersplit.f" />
		<Unit filename="lwqdef.f" />
		<Unit filename="main.f" />
		<Unit filename="modparm.f" />
		<Unit filename="ndenit.f" />
		<Unit filename="newtillmix.f" />
		<Unit filename="nfix.f" />
		<Unit filename="nitvol.f" />
		<Unit filename="nlch.f" />
		<Unit filename="nminrl.f" />
		<Unit filename="noqual.f" />
		<Unit filename="npup.f" />
		<Unit filename="nrain.f" />
		<Unit filename="nup.f" />
		<Unit filename="nuts.f" />
		<Unit filename="openwth.f" />
		<Unit filename="operatn.f" />
		<Unit filename="orgn.f" />
		<Unit filename="orgncswat.f" />
		<Unit filename="origtile.f" />
		<Unit filename="ovr_sed.f" />
		<Unit filename="percmacro.f" />
		<Unit filename="percmain.f" />
		<Unit filename="percmicro.f" />
		<Unit filename="pestlch.f" />
		<Unit filename="pestw.f" />
		<Unit filename="pesty.f" />
		<Unit filename="pgen.f" />
		<Unit filename="pgenhr.f" />
		<Unit filename="pkq.f" />
		<Unit filename="plantmod.f" />
		<Unit filename="plantop.f" />
		<Unit filename="pmeas.f" />
		<Unit filename="pminrl.f" />
		<Unit filename="pminrl2.f" />
		<Unit filename="pond.f" />
		<Unit filename="pondhr.f" />
		<Unit filename="pothole.f" />
		<Unit filename="potholehr.f" />
		<Unit filename="print_hyd.f" />
		<Unit filename="psed.f" />
		<Unit filename="qman.f" />
		<Unit filename="ran1.f" />
		<Unit filename="rchaa.f" />
		<Unit filename="rchday.f" />
		<Unit filename="rchinit.f" />
		<Unit filename="rchmon.f" />
		<Unit filename="rchuse.f" />
		<Unit filename="rchyr.f" />
		<Unit filename="reachout.f" />
		<Unit filename="readatmodep.f" />
		<Unit filename="readbsn.f" />
		<Unit filename="readchm.f" />
		<Unit filename="readcnst.f" />
		<Unit filename="readfcst.f" />
		<Unit filename="readfert.f" />
		<Unit filename="readfig.f" />
		<Unit filename="readfile.f" />
		<Unit filename="readgw.f" />
		<Unit filename="readhru.f" />
		<Unit filename="readinpt.f" />
		<Unit filename="readlup.f" />
		<Unit filename="readlwq.f" />
		<Unit filename="readmgt.f" />
		<Unit filename="readmon.f" />
		<Unit filename="readops.f" />
		<Unit filename="readpest.f" />
		<Unit filename="readplant.f" />
		<Unit filename="readpnd.f" />
		<Unit filename="readres.f" />
		<Unit filename="readrte.f" />
		<Unit filename="readru.f" />
		<Unit filename="readsdr.f" />
		<Unit filename="readsepticbz.f" />
		<Unit filename="readseptwq.f" />
		<Unit filename="readsno.f" />
		<Unit filename="readsol.f" />
		<Unit filename="readsub.f" />
		<Unit filename="readswq.f" />
		<Unit filename="readtill.f" />
		<Unit filename="readurban.f" />
		<Unit filename="readwgn.f" />
		<Unit filename="readwus.f" />
		<Unit filename="readwwq.f" />
		<Unit filename="readyr.f" />
		<Unit filename="reccnst.f" />
		<Unit filename="recday.f" />
		<Unit filename="rechour.f" />
		<Unit filename="recmon.f" />
		<Unit filename="recyear.f" />
		<Unit filename="regres.f" />
		<Unit filename="res.f" />
		<Unit filename="resbact.f" />
		<Unit filename="resetlu.f" />
		<Unit filename="reshr.f" />
		<Unit filename="resinit.f" />
		<Unit filename="resnut.f" />
		<Unit filename="rewind_init.f" />
		<Unit filename="rhgen.f" />
		<Unit filename="rootfr.f" />
		<Unit filename="route.f" />
		<Unit filename="routels.f" />
		<Unit filename="routeunit.f" />
		<Unit filename="routres.f" />
		<Unit filename="rsedaa.f" />
		<Unit filename="rseday.f" />
		<Unit filename="rsedmon.f" />
		<Unit filename="rsedyr.f" />
		<Unit filename="rtbact.f" />
		<Unit filename="rtday.f" />
		<Unit filename="rteinit.f" />
		<Unit filename="rthmusk.f" />
		<Unit filename="rthpest.f" />
		<Unit filename="rthr.f" />
		<Unit filename="rthsed.f" />
		<Unit filename="rtmusk.f" />
		<Unit filename="rtout.f" />
		<Unit filename="rtpest.f" />
		<Unit filename="rtsed.f" />
		<Unit filename="rtsed_Molinas_Wu.f" />
		<Unit filename="rtsed_bagnold.f" />
		<Unit filename="rtsed_kodatie.f" />
		<Unit filename="rtsed_yangsand.f" />
		<Unit filename="sat_excess.f" />
		<Unit filename="save.f" />
		<Unit filename="saveconc.f" />
		<Unit filename="sched_mgt.f" />
		<Unit filename="schedule_ops.f" />
		<Unit filename="sim_initday.f" />
		<Unit filename="sim_inityr.f" />
		<Unit filename="simulate.f" />
		<Unit filename="slrgen.f" />
		<Unit filename="smeas.f" />
		<Unit filename="snom.f" />
		<Unit filename="soil_chem.f" />
		<Unit filename="soil_par.f" />
		<Unit filename="soil_phys.f" />
		<Unit filename="soil_write.f" />
		<Unit filename="solp.f" />
		<Unit filename="solt.f" />
		<Unit filename="std1.f" />
		<Unit filename="std2.f" />
		<Unit filename="std3.f" />
		<Unit filename="stdaa.f" />
		<Unit filename="storeinitial.f" />
		<Unit filename="structure.f" />
		<Unit filename="sub_subbasin.f" />
		<Unit filename="subaa.f" />
		<Unit filename="subbasin.f" />
		<Unit filename="subday.f" />
		<Unit filename="submon.f" />
		<Unit filename="substor.f" />
		<Unit filename="subwq.f" />
		<Unit filename="subyr.f" />
		<Unit filename="sumhyd.f" />
		<Unit filename="sumv.f" />
		<Unit filename="surface.f" />
		<Unit filename="surfst_h2o.f" />
		<Unit filename="surfstor.f" />
		<Unit filename="surq_daycn.f" />
		<Unit filename="surq_greenampt.f" />
		<Unit filename="swbl.f" />
		<Unit filename="sweep.f" />
		<Unit filename="swu.f" />
		<Unit filename="tair.f" />
		<Unit filename="tgen.f" />
		<Unit filename="theta.f" />
		<Unit filename="tillfactor.f" />
		<Unit filename="tillmix.f" />
		<Unit filename="tmeas.f" />
		<Unit filename="tran.f" />
		<Unit filename="transfer.f" />
		<Unit filename="tstr.f" />
		<Unit filename="ttcoef.f" />
		<Unit filename="ttcoef_wway.f" />
		<Unit filename="urb_bmp.f" />
		<Unit filename="urban.f" />
		<Unit filename="urbanhr.f" />
		<Unit filename="varinit.f" />
		<Unit filename="vbl.f" />
		<Unit filename="virtual.f" />
		<Unit filename="volq.f" />
		<Unit filename="washp.f" />
		<Unit filename="watbal.f" />
		<Unit filename="water_hru.f" />
		<Unit filename="watqual.f" />
		<Unit filename="watqual2.f" />
		<Unit filename="wattable.f" />
		<Unit filename="watuse.f" />
		<Unit filename="weatgn.f" />
		<Unit filename="wetlan.f" />
		<Unit filename="wmeas.f" />
		<Unit filename="wndgen.f" />
		<Unit filename="writea.f" />
		<Unit filename="writeaa.f" />
		<Unit filename="writed.f" />
		<Unit filename="writem.f" />
		<Unit filename="xmon.f" />
		<Unit filename="ysed.f" />
		<Unit filename="zero0.f" />
		<Unit filename="zero1.f" />
		<Unit filename="zero2.f" />
		<Unit filename="zero_urbn.f" />
		<Unit filename="zeroini.f" />
		<Extensions>
			<code_completion />
			<envvars />
			<debugger />
			<lib_finder disable_auto="1" />
		</Extensions>
	</Project>
</CodeBlocks_project_file>
